
Microsoft Visual Studio Solution File, Format Version 12.00
# Visual Studio Version 17
VisualStudioVersion = 17.1.32210.238
MinimumVisualStudioVersion = 10.0.40219.1
Project("{9A19103F-16F7-4668-BE54-9A1E7A4F7556}") = "College1", "College1\College1.csproj", "{9CE76427-2B69-4113-8615-76B66A248F57}"
EndProject
Project("{9A19103F-16F7-4668-BE54-9A1E7A4F7556}") = "College2", "College2\College2.csproj", "{1396A8FA-1043-4EEE-8DA9-646E1419FDF7}"
EndProject
Project("{9A19103F-16F7-4668-BE54-9A1E7A4F7556}") = "College3", "College3\College3.csproj", "{AD5BDD57-1EC2-4E8D-9FEF-6257915D8875}"
EndProject
Project("{FAE04EC0-301F-11D3-BF4B-00C04F79EFBC}") = "College4", "College4\College4.csproj", "{5A786617-FF21-4211-B71D-07ADE6D5572D}"
EndProject
Global
	GlobalSection(SolutionConfigurationPlatforms) = preSolution
		Debug|Any CPU = Debug|Any CPU
		Release|Any CPU = Release|Any CPU
	EndGlobalSection
	GlobalSection(ProjectConfigurationPlatforms) = postSolution
		{9CE76427-2B69-4113-8615-76B66A248F57}.Debug|Any CPU.ActiveCfg = Debug|Any CPU
		{9CE76427-2B69-4113-8615-76B66A248F57}.Debug|Any CPU.Build.0 = Debug|Any CPU
		{9CE76427-2B69-4113-8615-76B66A248F57}.Release|Any CPU.ActiveCfg = Release|Any CPU
		{9CE76427-2B69-4113-8615-76B66A248F57}.Release|Any CPU.Build.0 = Release|Any CPU
		{1396A8FA-1043-4EEE-8DA9-646E1419FDF7}.Debug|Any CPU.ActiveCfg = Debug|Any CPU
		{1396A8FA-1043-4EEE-8DA9-646E1419FDF7}.Debug|Any CPU.Build.0 = Debug|Any CPU
		{1396A8FA-1043-4EEE-8DA9-646E1419FDF7}.Release|Any CPU.ActiveCfg = Release|Any CPU
		{1396A8FA-1043-4EEE-8DA9-646E1419FDF7}.Release|Any CPU.Build.0 = Release|Any CPU
		{AD5BDD57-1EC2-4E8D-9FEF-6257915D8875}.Debug|Any CPU.ActiveCfg = Debug|Any CPU
		{AD5BDD57-1EC2-4E8D-9FEF-6257915D8875}.Debug|Any CPU.Build.0 = Debug|Any CPU
		{AD5BDD57-1EC2-4E8D-9FEF-6257915D8875}.Release|Any CPU.ActiveCfg = Release|Any CPU
		{AD5BDD57-1EC2-4E8D-9FEF-6257915D8875}.Release|Any CPU.Build.0 = Release|Any CPU
		{5A786617-FF21-4211-B71D-07ADE6D5572D}.Debug|Any CPU.ActiveCfg = Debug|Any CPU
		{5A786617-FF21-4211-B71D-07ADE6D5572D}.Debug|Any CPU.Build.0 = Debug|Any CPU
		{5A786617-FF21-4211-B71D-07ADE6D5572D}.Release|Any CPU.ActiveCfg = Release|Any CPU
		{5A786617-FF21-4211-B71D-07ADE6D5572D}.Release|Any CPU.Build.0 = Release|Any CPU
	EndGlobalSection
	GlobalSection(SolutionProperties) = preSolution
		HideSolutionNode = FALSE
	EndGlobalSection
	GlobalSection(ExtensibilityGlobals) = postSolution
		SolutionGuid = {31FC69F5-1CB6-4ADF-92C6-3486B2594024}
	EndGlobalSection
EndGlobal
